<Solution>
  <Folder Name="/Solution Items/">
    <File Path=".azure-pipelines.yml" />
    <File Path="nuget.config" />
    <File Path="README.md" />
  </Folder>
  <Folder Name="/tests/">
    <Project Path="Estrelio.AdditionalFluentValidation.Unit.Tests\Estrelio.AdditionalFluentValidation.Unit.Tests.csproj" Type="Classic C#" />
  </Folder>
  <Project Path="Estrelio.AdditionalFluentValidation\Estrelio.AdditionalFluentValidation.csproj" Type="Classic C#" />
</Solution>