
Microsoft Visual Studio Solution File, Format Version 12.00
Project("{FAE04EC0-301F-11D3-BF4B-00C04F79EFBC}") = "Estrelio.AdditionalFluentValidation", "Estrelio.AdditionalFluentValidation\Estrelio.AdditionalFluentValidation.csproj", "{01D380B4-4D1D-4D2A-9AC1-BA046032B41B}"
EndProject
Project("{2150E333-8FDC-42A3-9474-1A3956D46DE8}") = "tests", "tests", "{0AB3BF05-4346-4AA6-1389-037BE0695223}"
EndProject
Project("{FAE04EC0-301F-11D3-BF4B-00C04F79EFBC}") = "Estrelio.AdditionalFluentValidation.Unit.Tests", "Estrelio.AdditionalFluentValidation.Unit.Tests\Estrelio.AdditionalFluentValidation.Unit.Tests.csproj", "{34627A58-8E3A-4E9D-8C07-24098C9BA3FF}"
EndProject
Global
	GlobalSection(SolutionConfigurationPlatforms) = preSolution
		Debug|Any CPU = Debug|Any CPU
		Debug|x64 = Debug|x64
		Debug|x86 = Debug|x86
		Release|Any CPU = Release|Any CPU
		Release|x64 = Release|x64
		Release|x86 = Release|x86
	EndGlobalSection
	GlobalSection(ProjectConfigurationPlatforms) = postSolution
		{01D380B4-4D1D-4D2A-9AC1-BA046032B41B}.Debug|Any CPU.ActiveCfg = Debug|Any CPU
		{01D380B4-4D1D-4D2A-9AC1-BA046032B41B}.Debug|Any CPU.Build.0 = Debug|Any CPU
		{01D380B4-4D1D-4D2A-9AC1-BA046032B41B}.Debug|x64.ActiveCfg = Debug|Any CPU
		{01D380B4-4D1D-4D2A-9AC1-BA046032B41B}.Debug|x64.Build.0 = Debug|Any CPU
		{01D380B4-4D1D-4D2A-9AC1-BA046032B41B}.Debug|x86.ActiveCfg = Debug|Any CPU
		{01D380B4-4D1D-4D2A-9AC1-BA046032B41B}.Debug|x86.Build.0 = Debug|Any CPU
		{01D380B4-4D1D-4D2A-9AC1-BA046032B41B}.Release|Any CPU.ActiveCfg = Release|Any CPU
		{01D380B4-4D1D-4D2A-9AC1-BA046032B41B}.Release|Any CPU.Build.0 = Release|Any CPU
		{01D380B4-4D1D-4D2A-9AC1-BA046032B41B}.Release|x64.ActiveCfg = Release|Any CPU
		{01D380B4-4D1D-4D2A-9AC1-BA046032B41B}.Release|x64.Build.0 = Release|Any CPU
		{01D380B4-4D1D-4D2A-9AC1-BA046032B41B}.Release|x86.ActiveCfg = Release|Any CPU
		{01D380B4-4D1D-4D2A-9AC1-BA046032B41B}.Release|x86.Build.0 = Release|Any CPU
		{34627A58-8E3A-4E9D-8C07-24098C9BA3FF}.Debug|Any CPU.ActiveCfg = Debug|Any CPU
		{34627A58-8E3A-4E9D-8C07-24098C9BA3FF}.Debug|Any CPU.Build.0 = Debug|Any CPU
		{34627A58-8E3A-4E9D-8C07-24098C9BA3FF}.Debug|x64.ActiveCfg = Debug|Any CPU
		{34627A58-8E3A-4E9D-8C07-24098C9BA3FF}.Debug|x64.Build.0 = Debug|Any CPU
		{34627A58-8E3A-4E9D-8C07-24098C9BA3FF}.Debug|x86.ActiveCfg = Debug|Any CPU
		{34627A58-8E3A-4E9D-8C07-24098C9BA3FF}.Debug|x86.Build.0 = Debug|Any CPU
		{34627A58-8E3A-4E9D-8C07-24098C9BA3FF}.Release|Any CPU.ActiveCfg = Release|Any CPU
		{34627A58-8E3A-4E9D-8C07-24098C9BA3FF}.Release|Any CPU.Build.0 = Release|Any CPU
		{34627A58-8E3A-4E9D-8C07-24098C9BA3FF}.Release|x64.ActiveCfg = Release|Any CPU
		{34627A58-8E3A-4E9D-8C07-24098C9BA3FF}.Release|x64.Build.0 = Release|Any CPU
		{34627A58-8E3A-4E9D-8C07-24098C9BA3FF}.Release|x86.ActiveCfg = Release|Any CPU
		{34627A58-8E3A-4E9D-8C07-24098C9BA3FF}.Release|x86.Build.0 = Release|Any CPU
	EndGlobalSection
	GlobalSection(SolutionProperties) = preSolution
		HideSolutionNode = FALSE
	EndGlobalSection
	GlobalSection(NestedProjects) = preSolution
		{34627A58-8E3A-4E9D-8C07-24098C9BA3FF} = {0AB3BF05-4346-4AA6-1389-037BE0695223}
	EndGlobalSection
EndGlobal
